// !$*UTF8*$!
{
	archiveVersion = 1;
	classes = {
	};
	objectVersion = 46;
	objects = {

/* Begin PBXBuildFile section */
		D2460ADF1DA9D6BF002D8866 /* Home.storyboard in Resources */ = {isa = PBXBuildFile; fileRef = D2460ADE1DA9D6BF002D8866 /* Home.storyboard */; };
		D2460AE11DA9D711002D8866 /* Follow.storyboard in Resources */ = {isa = PBXBuildFile; fileRef = D2460AE01DA9D711002D8866 /* Follow.storyboard */; };
		D2460AE31DA9D746002D8866 /* Live.storyboard in Resources */ = {isa = PBXBuildFile; fileRef = D2460AE21DA9D746002D8866 /* Live.storyboard */; };
		D2460AE51DA9D99F002D8866 /* Profile.storyboard in Resources */ = {isa = PBXBuildFile; fileRef = D2460AE41DA9D99F002D8866 /* Profile.storyboard */; };
		D2460AE71DA9E1CF002D8866 /* HomeViewController.swift in Sources */ = {isa = PBXBuildFile; fileRef = D2460AE61DA9E1CF002D8866 /* HomeViewController.swift */; };
		D2460AE91DA9E704002D8866 /* FollowViewController.swift in Sources */ = {isa = PBXBuildFile; fileRef = D2460AE81DA9E704002D8866 /* FollowViewController.swift */; };
		D2460AEB1DA9E70E002D8866 /* LiveViewController.swift in Sources */ = {isa = PBXBuildFile; fileRef = D2460AEA1DA9E70E002D8866 /* LiveViewController.swift */; };
		D2460AED1DA9E718002D8866 /* ProfileViewController.swift in Sources */ = {isa = PBXBuildFile; fileRef = D2460AEC1DA9E718002D8866 /* ProfileViewController.swift */; };
		D289BF4B1DC306E400B47B8A /* BaseViewModel.swift in Sources */ = {isa = PBXBuildFile; fileRef = D289BF4A1DC306E400B47B8A /* BaseViewModel.swift */; };
		D289BF4D1DC3090700B47B8A /* BaseGameModel.swift in Sources */ = {isa = PBXBuildFile; fileRef = D289BF4C1DC3090700B47B8A /* BaseGameModel.swift */; };
		D289BF4F1DC30E5800B47B8A /* AnchorGroup.swift in Sources */ = {isa = PBXBuildFile; fileRef = D289BF4E1DC30E5800B47B8A /* AnchorGroup.swift */; };
		D289BF511DC3113E00B47B8A /* AnchorModel.swift in Sources */ = {isa = PBXBuildFile; fileRef = D289BF501DC3113E00B47B8A /* AnchorModel.swift */; };
		D2C959581DA8F1030049E30F /* MainViewController.swift in Sources */ = {isa = PBXBuildFile; fileRef = D2C959571DA8F1030049E30F /* MainViewController.swift */; };
		D2C9596E1DA9D4090049E30F /* Main.storyboard in Resources */ = {isa = PBXBuildFile; fileRef = D2C9596D1DA9D4090049E30F /* Main.storyboard */; };
		D2CA3FBF1DA9F05C00690C1C /* Common.swift in Sources */ = {isa = PBXBuildFile; fileRef = D2CA3FBE1DA9F05C00690C1C /* Common.swift */; };
		D2CA3FC11DA9F50800690C1C /* PageTitleView.swift in Sources */ = {isa = PBXBuildFile; fileRef = D2CA3FC01DA9F50800690C1C /* PageTitleView.swift */; };
		D2CA3FC41DAA4AF900690C1C /* UIColor-Extension.swift in Sources */ = {isa = PBXBuildFile; fileRef = D2CA3FC31DAA4AF900690C1C /* UIColor-Extension.swift */; };
		D2CA3FC61DAB2CC900690C1C /* UIBarButtonItem-Extension.swift in Sources */ = {isa = PBXBuildFile; fileRef = D2CA3FC51DAB2CC900690C1C /* UIBarButtonItem-Extension.swift */; };
		D2CA3FC81DAB3EB800690C1C /* PageContentView.swift in Sources */ = {isa = PBXBuildFile; fileRef = D2CA3FC71DAB3EB800690C1C /* PageContentView.swift */; };
		D2D0E72C1DACEF1E00E97C3D /* RecommendViewController.swift in Sources */ = {isa = PBXBuildFile; fileRef = D2D0E72B1DACEF1E00E97C3D /* RecommendViewController.swift */; };
		D2D0E72E1DAE1F1E00E97C3D /* NetworkTools.swift in Sources */ = {isa = PBXBuildFile; fileRef = D2D0E72D1DAE1F1E00E97C3D /* NetworkTools.swift */; };
		D2D68C6C1DA8E6670090CDA7 /* Assets.xcassets in Resources */ = {isa = PBXBuildFile; fileRef = D2D68C6B1DA8E6670090CDA7 /* Assets.xcassets */; };
		D2D68C6F1DA8E6670090CDA7 /* LaunchScreen.storyboard in Resources */ = {isa = PBXBuildFile; fileRef = D2D68C6D1DA8E6670090CDA7 /* LaunchScreen.storyboard */; };
		D2D68C801DA8EC420090CDA7 /* AppDelegate.swift in Sources */ = {isa = PBXBuildFile; fileRef = D2D68C7F1DA8EC420090CDA7 /* AppDelegate.swift */; };
		D2DE10841DAF364D006DF8D8 /* BaseAnchorViewController.swift in Sources */ = {isa = PBXBuildFile; fileRef = D2DE10831DAF364D006DF8D8 /* BaseAnchorViewController.swift */; };
		D2DE10861DAF4438006DF8D8 /* CollectionViewBaseCell.swift in Sources */ = {isa = PBXBuildFile; fileRef = D2DE10851DAF4438006DF8D8 /* CollectionViewBaseCell.swift */; };
		D2DE10881DAF4468006DF8D8 /* CollectionViewNormalCell.swift in Sources */ = {isa = PBXBuildFile; fileRef = D2DE10871DAF4468006DF8D8 /* CollectionViewNormalCell.swift */; };
		D2DE108A1DAF447F006DF8D8 /* CollectionNormalCell.xib in Resources */ = {isa = PBXBuildFile; fileRef = D2DE10891DAF447F006DF8D8 /* CollectionNormalCell.xib */; };
		D2DE108C1DAF44D1006DF8D8 /* CollectionViewPrettyCell.swift in Sources */ = {isa = PBXBuildFile; fileRef = D2DE108B1DAF44D1006DF8D8 /* CollectionViewPrettyCell.swift */; };
		D2DE108E1DAF44E1006DF8D8 /* CollectionViewPrettyCell.xib in Resources */ = {isa = PBXBuildFile; fileRef = D2DE108D1DAF44E1006DF8D8 /* CollectionViewPrettyCell.xib */; };
		D2DE10901DB09F52006DF8D8 /* NSDate-Extension.swift in Sources */ = {isa = PBXBuildFile; fileRef = D2DE108F1DB09F52006DF8D8 /* NSDate-Extension.swift */; };
		D4F82BD1ACDD0A6B451C80E7 /* Pods_DYTV.framework in Frameworks */ = {isa = PBXBuildFile; fileRef = 4C8983C300CAE39BD53E1978 /* Pods_DYTV.framework */; };
/* End PBXBuildFile section */

/* Begin PBXFileReference section */
		2B9598E3E9294259C7B99D81 /* Pods-DYTV.debug.xcconfig */ = {isa = PBXFileReference; includeInIndex = 1; lastKnownFileType = text.xcconfig; name = "Pods-DYTV.debug.xcconfig"; path = "Pods/Target Support Files/Pods-DYTV/Pods-DYTV.debug.xcconfig"; sourceTree = "<group>"; };
		4C8983C300CAE39BD53E1978 /* Pods_DYTV.framework */ = {isa = PBXFileReference; explicitFileType = wrapper.framework; includeInIndex = 0; path = Pods_DYTV.framework; sourceTree = BUILT_PRODUCTS_DIR; };
		CE0B50255A60F0BBA8E67A3A /* Pods-DYTV.release.xcconfig */ = {isa = PBXFileReference; includeInIndex = 1; lastKnownFileType = text.xcconfig; name = "Pods-DYTV.release.xcconfig"; path = "Pods/Target Support Files/Pods-DYTV/Pods-DYTV.release.xcconfig"; sourceTree = "<group>"; };
		D2460ADE1DA9D6BF002D8866 /* Home.storyboard */ = {isa = PBXFileReference; fileEncoding = 4; lastKnownFileType = file.storyboard; path = Home.storyboard; sourceTree = "<group>"; };
		D2460AE01DA9D711002D8866 /* Follow.storyboard */ = {isa = PBXFileReference; fileEncoding = 4; lastKnownFileType = file.storyboard; path = Follow.storyboard; sourceTree = "<group>"; };
		D2460AE21DA9D746002D8866 /* Live.storyboard */ = {isa = PBXFileReference; fileEncoding = 4; lastKnownFileType = file.storyboard; path = Live.storyboard; sourceTree = "<group>"; };
		D2460AE41DA9D99F002D8866 /* Profile.storyboard */ = {isa = PBXFileReference; fileEncoding = 4; lastKnownFileType = file.storyboard; path = Profile.storyboard; sourceTree = "<group>"; };
		D2460AE61DA9E1CF002D8866 /* HomeViewController.swift */ = {isa = PBXFileReference; fileEncoding = 4; lastKnownFileType = sourcecode.swift; path = HomeViewController.swift; sourceTree = "<group>"; };
		D2460AE81DA9E704002D8866 /* FollowViewController.swift */ = {isa = PBXFileReference; fileEncoding = 4; lastKnownFileType = sourcecode.swift; path = FollowViewController.swift; sourceTree = "<group>"; };
		D2460AEA1DA9E70E002D8866 /* LiveViewController.swift */ = {isa = PBXFileReference; fileEncoding = 4; lastKnownFileType = sourcecode.swift; path = LiveViewController.swift; sourceTree = "<group>"; };
		D2460AEC1DA9E718002D8866 /* ProfileViewController.swift */ = {isa = PBXFileReference; fileEncoding = 4; lastKnownFileType = sourcecode.swift; path = ProfileViewController.swift; sourceTree = "<group>"; };
		D289BF4A1DC306E400B47B8A /* BaseViewModel.swift */ = {isa = PBXFileReference; fileEncoding = 4; lastKnownFileType = sourcecode.swift; path = BaseViewModel.swift; sourceTree = "<group>"; };
		D289BF4C1DC3090700B47B8A /* BaseGameModel.swift */ = {isa = PBXFileReference; fileEncoding = 4; lastKnownFileType = sourcecode.swift; path = BaseGameModel.swift; sourceTree = "<group>"; };
		D289BF4E1DC30E5800B47B8A /* AnchorGroup.swift */ = {isa = PBXFileReference; fileEncoding = 4; lastKnownFileType = sourcecode.swift; path = AnchorGroup.swift; sourceTree = "<group>"; };
		D289BF501DC3113E00B47B8A /* AnchorModel.swift */ = {isa = PBXFileReference; fileEncoding = 4; lastKnownFileType = sourcecode.swift; path = AnchorModel.swift; sourceTree = "<group>"; };
		D2C959571DA8F1030049E30F /* MainViewController.swift */ = {isa = PBXFileReference; fileEncoding = 4; lastKnownFileType = sourcecode.swift; path = MainViewController.swift; sourceTree = "<group>"; };
		D2C9596D1DA9D4090049E30F /* Main.storyboard */ = {isa = PBXFileReference; fileEncoding = 4; lastKnownFileType = file.storyboard; path = Main.storyboard; sourceTree = "<group>"; };
		D2CA3FBE1DA9F05C00690C1C /* Common.swift */ = {isa = PBXFileReference; fileEncoding = 4; lastKnownFileType = sourcecode.swift; path = Common.swift; sourceTree = "<group>"; };
		D2CA3FC01DA9F50800690C1C /* PageTitleView.swift */ = {isa = PBXFileReference; fileEncoding = 4; lastKnownFileType = sourcecode.swift; path = PageTitleView.swift; sourceTree = "<group>"; };
		D2CA3FC31DAA4AF900690C1C /* UIColor-Extension.swift */ = {isa = PBXFileReference; fileEncoding = 4; lastKnownFileType = sourcecode.swift; path = "UIColor-Extension.swift"; sourceTree = "<group>"; };
		D2CA3FC51DAB2CC900690C1C /* UIBarButtonItem-Extension.swift */ = {isa = PBXFileReference; fileEncoding = 4; lastKnownFileType = sourcecode.swift; path = "UIBarButtonItem-Extension.swift"; sourceTree = "<group>"; };
		D2CA3FC71DAB3EB800690C1C /* PageContentView.swift */ = {isa = PBXFileReference; fileEncoding = 4; lastKnownFileType = sourcecode.swift; path = PageContentView.swift; sourceTree = "<group>"; };
		D2D0E72B1DACEF1E00E97C3D /* RecommendViewController.swift */ = {isa = PBXFileReference; fileEncoding = 4; lastKnownFileType = sourcecode.swift; path = RecommendViewController.swift; sourceTree = "<group>"; };
		D2D0E72D1DAE1F1E00E97C3D /* NetworkTools.swift */ = {isa = PBXFileReference; fileEncoding = 4; lastKnownFileType = sourcecode.swift; path = NetworkTools.swift; sourceTree = "<group>"; };
		D2D68C611DA8E6670090CDA7 /* DYTV.app */ = {isa = PBXFileReference; explicitFileType = wrapper.application; includeInIndex = 0; path = DYTV.app; sourceTree = BUILT_PRODUCTS_DIR; };
		D2D68C6B1DA8E6670090CDA7 /* Assets.xcassets */ = {isa = PBXFileReference; lastKnownFileType = folder.assetcatalog; path = Assets.xcassets; sourceTree = "<group>"; };
		D2D68C6E1DA8E6670090CDA7 /* Base */ = {isa = PBXFileReference; lastKnownFileType = file.storyboard; name = Base; path = Base.lproj/LaunchScreen.storyboard; sourceTree = "<group>"; };
		D2D68C701DA8E6670090CDA7 /* Info.plist */ = {isa = PBXFileReference; lastKnownFileType = text.plist.xml; path = Info.plist; sourceTree = "<group>"; };
		D2D68C7F1DA8EC420090CDA7 /* AppDelegate.swift */ = {isa = PBXFileReference; fileEncoding = 4; lastKnownFileType = sourcecode.swift; path = AppDelegate.swift; sourceTree = "<group>"; };
		D2DE10831DAF364D006DF8D8 /* BaseAnchorViewController.swift */ = {isa = PBXFileReference; fileEncoding = 4; lastKnownFileType = sourcecode.swift; path = BaseAnchorViewController.swift; sourceTree = "<group>"; };
		D2DE10851DAF4438006DF8D8 /* CollectionViewBaseCell.swift */ = {isa = PBXFileReference; fileEncoding = 4; lastKnownFileType = sourcecode.swift; path = CollectionViewBaseCell.swift; sourceTree = "<group>"; };
		D2DE10871DAF4468006DF8D8 /* CollectionViewNormalCell.swift */ = {isa = PBXFileReference; fileEncoding = 4; lastKnownFileType = sourcecode.swift; path = CollectionViewNormalCell.swift; sourceTree = "<group>"; };
		D2DE10891DAF447F006DF8D8 /* CollectionNormalCell.xib */ = {isa = PBXFileReference; fileEncoding = 4; lastKnownFileType = file.xib; path = CollectionNormalCell.xib; sourceTree = "<group>"; };
		D2DE108B1DAF44D1006DF8D8 /* CollectionViewPrettyCell.swift */ = {isa = PBXFileReference; fileEncoding = 4; lastKnownFileType = sourcecode.swift; path = CollectionViewPrettyCell.swift; sourceTree = "<group>"; };
		D2DE108D1DAF44E1006DF8D8 /* CollectionViewPrettyCell.xib */ = {isa = PBXFileReference; fileEncoding = 4; lastKnownFileType = file.xib; path = CollectionViewPrettyCell.xib; sourceTree = "<group>"; };
		D2DE108F1DB09F52006DF8D8 /* NSDate-Extension.swift */ = {isa = PBXFileReference; fileEncoding = 4; lastKnownFileType = sourcecode.swift; path = "NSDate-Extension.swift"; sourceTree = "<group>"; };
/* End PBXFileReference section */

/* Begin PBXFrameworksBuildPhase section */
		D2D68C5E1DA8E6670090CDA7 /* Frameworks */ = {
			isa = PBXFrameworksBuildPhase;
			buildActionMask = 2147483647;
			files = (
				D4F82BD1ACDD0A6B451C80E7 /* Pods_DYTV.framework in Frameworks */,
			);
			runOnlyForDeploymentPostprocessing = 0;
		};
/* End PBXFrameworksBuildPhase section */

/* Begin PBXGroup section */
		4E48B5B70033516DBD40658D /* Frameworks */ = {
			isa = PBXGroup;
			children = (
				4C8983C300CAE39BD53E1978 /* Pods_DYTV.framework */,
			);
			name = Frameworks;
			sourceTree = "<group>";
		};
		8A7A683782743E9E574D8760 /* Pods */ = {
			isa = PBXGroup;
			children = (
				2B9598E3E9294259C7B99D81 /* Pods-DYTV.debug.xcconfig */,
				CE0B50255A60F0BBA8E67A3A /* Pods-DYTV.release.xcconfig */,
			);
			name = Pods;
			sourceTree = "<group>";
		};
		D289BF491DC306A000B47B8A /* ViewModel */ = {
			isa = PBXGroup;
			children = (
				D289BF4A1DC306E400B47B8A /* BaseViewModel.swift */,
			);
			path = ViewModel;
			sourceTree = "<group>";
		};
		D2C959541DA8F0A50049E30F /* Controller */ = {
			isa = PBXGroup;
			children = (
				D2C959571DA8F1030049E30F /* MainViewController.swift */,
				D2C9596D1DA9D4090049E30F /* Main.storyboard */,
				D2DE10831DAF364D006DF8D8 /* BaseAnchorViewController.swift */,
			);
			path = Controller;
			sourceTree = "<group>";
		};
		D2C959551DA8F0A50049E30F /* Model */ = {
			isa = PBXGroup;
			children = (
				D289BF4C1DC3090700B47B8A /* BaseGameModel.swift */,
				D289BF4E1DC30E5800B47B8A /* AnchorGroup.swift */,
				D289BF501DC3113E00B47B8A /* AnchorModel.swift */,
			);
			path = Model;
			sourceTree = "<group>";
		};
		D2C959561DA8F0A50049E30F /* View */ = {
			isa = PBXGroup;
			children = (
				D2CA3FC01DA9F50800690C1C /* PageTitleView.swift */,
				D2CA3FC71DAB3EB800690C1C /* PageContentView.swift */,
				D2DE10851DAF4438006DF8D8 /* CollectionViewBaseCell.swift */,
				D2DE10871DAF4468006DF8D8 /* CollectionViewNormalCell.swift */,
				D2DE10891DAF447F006DF8D8 /* CollectionNormalCell.xib */,
				D2DE108B1DAF44D1006DF8D8 /* CollectionViewPrettyCell.swift */,
				D2DE108D1DAF44E1006DF8D8 /* CollectionViewPrettyCell.xib */,
			);
			path = View;
			sourceTree = "<group>";
		};
		D2C959591DA8F1820049E30F /* Controller */ = {
			isa = PBXGroup;
			children = (
				D2460AE61DA9E1CF002D8866 /* HomeViewController.swift */,
				D2460ADE1DA9D6BF002D8866 /* Home.storyboard */,
				D2D0E72B1DACEF1E00E97C3D /* RecommendViewController.swift */,
			);
			path = Controller;
			sourceTree = "<group>";
		};
		D2C9595A1DA8F1820049E30F /* Model */ = {
			isa = PBXGroup;
			children = (
			);
			path = Model;
			sourceTree = "<group>";
		};
		D2C9595B1DA8F1820049E30F /* View */ = {
			isa = PBXGroup;
			children = (
			);
			path = View;
			sourceTree = "<group>";
		};
		D2C9595C1DA8F1900049E30F /* Controller */ = {
			isa = PBXGroup;
			children = (
				D2460AE01DA9D711002D8866 /* Follow.storyboard */,
				D2460AE81DA9E704002D8866 /* FollowViewController.swift */,
			);
			path = Controller;
			sourceTree = "<group>";
		};
		D2C9595D1DA8F1900049E30F /* Model */ = {
			isa = PBXGroup;
			children = (
			);
			path = Model;
			sourceTree = "<group>";
		};
		D2C9595E1DA8F1900049E30F /* View */ = {
			isa = PBXGroup;
			children = (
			);
			path = View;
			sourceTree = "<group>";
		};
		D2C9595F1DA8F19C0049E30F /* Controller */ = {
			isa = PBXGroup;
			children = (
				D2460AE21DA9D746002D8866 /* Live.storyboard */,
				D2460AEA1DA9E70E002D8866 /* LiveViewController.swift */,
			);
			path = Controller;
			sourceTree = "<group>";
		};
		D2C959601DA8F19C0049E30F /* Model */ = {
			isa = PBXGroup;
			children = (
			);
			path = Model;
			sourceTree = "<group>";
		};
		D2C959611DA8F19C0049E30F /* View */ = {
			isa = PBXGroup;
			children = (
			);
			path = View;
			sourceTree = "<group>";
		};
		D2C959621DA8F1AD0049E30F /* Controller */ = {
			isa = PBXGroup;
			children = (
				D2460AE41DA9D99F002D8866 /* Profile.storyboard */,
				D2460AEC1DA9E718002D8866 /* ProfileViewController.swift */,
			);
			path = Controller;
			sourceTree = "<group>";
		};
		D2C959631DA8F1AD0049E30F /* Model */ = {
			isa = PBXGroup;
			children = (
			);
			path = Model;
			sourceTree = "<group>";
		};
		D2C959641DA8F1AD0049E30F /* View */ = {
			isa = PBXGroup;
			children = (
			);
			path = View;
			sourceTree = "<group>";
		};
		D2CA3FC21DAA4AC200690C1C /* Extension */ = {
			isa = PBXGroup;
			children = (
				D2CA3FC31DAA4AF900690C1C /* UIColor-Extension.swift */,
				D2CA3FC51DAB2CC900690C1C /* UIBarButtonItem-Extension.swift */,
				D2DE108F1DB09F52006DF8D8 /* NSDate-Extension.swift */,
			);
			path = Extension;
			sourceTree = "<group>";
		};
		D2D68C581DA8E6670090CDA7 = {
			isa = PBXGroup;
			children = (
				D2D68C631DA8E6670090CDA7 /* DYTV */,
				D2D68C621DA8E6670090CDA7 /* Products */,
				8A7A683782743E9E574D8760 /* Pods */,
				4E48B5B70033516DBD40658D /* Frameworks */,
			);
			sourceTree = "<group>";
		};
		D2D68C621DA8E6670090CDA7 /* Products */ = {
			isa = PBXGroup;
			children = (
				D2D68C611DA8E6670090CDA7 /* DYTV.app */,
			);
			name = Products;
			sourceTree = "<group>";
		};
		D2D68C631DA8E6670090CDA7 /* DYTV */ = {
			isa = PBXGroup;
			children = (
				D2D68C761DA8EC0A0090CDA7 /* Classes */,
				D2D68C7F1DA8EC420090CDA7 /* AppDelegate.swift */,
				D2D68C6B1DA8E6670090CDA7 /* Assets.xcassets */,
				D2D68C6D1DA8E6670090CDA7 /* LaunchScreen.storyboard */,
				D2D68C701DA8E6670090CDA7 /* Info.plist */,
			);
			path = DYTV;
			sourceTree = "<group>";
		};
		D2D68C761DA8EC0A0090CDA7 /* Classes */ = {
			isa = PBXGroup;
			children = (
				D2D68C7B1DA8EC0A0090CDA7 /* Main(主要) */,
				D2D68C791DA8EC0A0090CDA7 /* Home(首页) */,
				D2D68C781DA8EC0A0090CDA7 /* Follow(关注) */,
				D2D68C7A1DA8EC0A0090CDA7 /* Live(直播) */,
				D2D68C7C1DA8EC0A0090CDA7 /* Profile(我的) */,
				D2D68C7D1DA8EC0A0090CDA7 /* Tools(工具) */,
			);
			path = Classes;
			sourceTree = "<group>";
		};
		D2D68C781DA8EC0A0090CDA7 /* Follow(关注) */ = {
			isa = PBXGroup;
			children = (
				D2C9595C1DA8F1900049E30F /* Controller */,
				D2C9595D1DA8F1900049E30F /* Model */,
				D2C9595E1DA8F1900049E30F /* View */,
			);
			name = "Follow(关注)";
			path = Follow;
			sourceTree = "<group>";
		};
		D2D68C791DA8EC0A0090CDA7 /* Home(首页) */ = {
			isa = PBXGroup;
			children = (
				D2C959591DA8F1820049E30F /* Controller */,
				D2C9595A1DA8F1820049E30F /* Model */,
				D2C9595B1DA8F1820049E30F /* View */,
			);
			name = "Home(首页)";
			path = Home;
			sourceTree = "<group>";
		};
		D2D68C7A1DA8EC0A0090CDA7 /* Live(直播) */ = {
			isa = PBXGroup;
			children = (
				D2C9595F1DA8F19C0049E30F /* Controller */,
				D2C959601DA8F19C0049E30F /* Model */,
				D2C959611DA8F19C0049E30F /* View */,
			);
			name = "Live(直播)";
			path = Live;
			sourceTree = "<group>";
		};
		D2D68C7B1DA8EC0A0090CDA7 /* Main(主要) */ = {
			isa = PBXGroup;
			children = (
				D289BF491DC306A000B47B8A /* ViewModel */,
				D2C959541DA8F0A50049E30F /* Controller */,
				D2C959551DA8F0A50049E30F /* Model */,
				D2C959561DA8F0A50049E30F /* View */,
			);
			name = "Main(主要)";
			path = Main;
			sourceTree = "<group>";
		};
		D2D68C7C1DA8EC0A0090CDA7 /* Profile(我的) */ = {
			isa = PBXGroup;
			children = (
				D2C959621DA8F1AD0049E30F /* Controller */,
				D2C959631DA8F1AD0049E30F /* Model */,
				D2C959641DA8F1AD0049E30F /* View */,
			);
			name = "Profile(我的)";
			path = Profile;
			sourceTree = "<group>";
		};
		D2D68C7D1DA8EC0A0090CDA7 /* Tools(工具) */ = {
			isa = PBXGroup;
			children = (
				D2CA3FC21DAA4AC200690C1C /* Extension */,
				D2CA3FBE1DA9F05C00690C1C /* Common.swift */,
				D2D0E72D1DAE1F1E00E97C3D /* NetworkTools.swift */,
			);
			name = "Tools(工具)";
			path = Tools;
			sourceTree = "<group>";
		};
/* End PBXGroup section */

/* Begin PBXNativeTarget section */
		D2D68C601DA8E6670090CDA7 /* DYTV */ = {
			isa = PBXNativeTarget;
			buildConfigurationList = D2D68C731DA8E6670090CDA7 /* Build configuration list for PBXNativeTarget "DYTV" */;
			buildPhases = (
				49D7EE71F3ADFE9D0559F682 /* [CP] Check Pods Manifest.lock */,
				D2D68C5D1DA8E6670090CDA7 /* Sources */,
				D2D68C5E1DA8E6670090CDA7 /* Frameworks */,
				D2D68C5F1DA8E6670090CDA7 /* Resources */,
				F9ECEE6839D27E0B9D99DC2A /* [CP] Embed Pods Frameworks */,
				8663AE1348D3720ED576D6D8 /* [CP] Copy Pods Resources */,
			);
			buildRules = (
			);
			dependencies = (
			);
			name = DYTV;
			productName = DYTV;
			productReference = D2D68C611DA8E6670090CDA7 /* DYTV.app */;
			productType = "com.apple.product-type.application";
		};
/* End PBXNativeTarget section */

/* Begin PBXProject section */
		D2D68C591DA8E6670090CDA7 /* Project object */ = {
			isa = PBXProject;
			attributes = {
				LastSwiftUpdateCheck = 0800;
				LastUpgradeCheck = 0800;
				ORGANIZATIONNAME = liuqi;
				TargetAttributes = {
					D2D68C601DA8E6670090CDA7 = {
						CreatedOnToolsVersion = 8.0;
						DevelopmentTeam = W56W22N7ZN;
						LastSwiftMigration = 0800;
						ProvisioningStyle = Automatic;
					};
				};
			};
			buildConfigurationList = D2D68C5C1DA8E6670090CDA7 /* Build configuration list for PBXProject "DYTV" */;
			compatibilityVersion = "Xcode 3.2";
			developmentRegion = English;
			hasScannedForEncodings = 0;
			knownRegions = (
				en,
				Base,
			);
			mainGroup = D2D68C581DA8E6670090CDA7;
			productRefGroup = D2D68C621DA8E6670090CDA7 /* Products */;
			projectDirPath = "";
			projectRoot = "";
			targets = (
				D2D68C601DA8E6670090CDA7 /* DYTV */,
			);
		};
/* End PBXProject section */

/* Begin PBXResourcesBuildPhase section */
		D2D68C5F1DA8E6670090CDA7 /* Resources */ = {
			isa = PBXResourcesBuildPhase;
			buildActionMask = 2147483647;
			files = (
				D2460AE11DA9D711002D8866 /* Follow.storyboard in Resources */,
				D2DE108E1DAF44E1006DF8D8 /* CollectionViewPrettyCell.xib in Resources */,
				D2C9596E1DA9D4090049E30F /* Main.storyboard in Resources */,
				D2460AE31DA9D746002D8866 /* Live.storyboard in Resources */,
				D2D68C6F1DA8E6670090CDA7 /* LaunchScreen.storyboard in Resources */,
				D2D68C6C1DA8E6670090CDA7 /* Assets.xcassets in Resources */,
				D2460AE51DA9D99F002D8866 /* Profile.storyboard in Resources */,
				D2DE108A1DAF447F006DF8D8 /* CollectionNormalCell.xib in Resources */,
				D2460ADF1DA9D6BF002D8866 /* Home.storyboard in Resources */,
			);
			runOnlyForDeploymentPostprocessing = 0;
		};
/* End PBXResourcesBuildPhase section */

/* Begin PBXShellScriptBuildPhase section */
		49D7EE71F3ADFE9D0559F682 /* [CP] Check Pods Manifest.lock */ = {
			isa = PBXShellScriptBuildPhase;
			buildActionMask = 2147483647;
			files = (
			);
			inputPaths = (
			);
			name = "[CP] Check Pods Manifest.lock";
			outputPaths = (
			);
			runOnlyForDeploymentPostprocessing = 0;
			shellPath = /bin/sh;
			shellScript = "diff \"${PODS_ROOT}/../Podfile.lock\" \"${PODS_ROOT}/Manifest.lock\" > /dev/null\nif [[ $? != 0 ]] ; then\n    cat << EOM\nerror: The sandbox is not in sync with the Podfile.lock. Run 'pod install' or update your CocoaPods installation.\nEOM\n    exit 1\nfi\n";
			showEnvVarsInLog = 0;
		};
		8663AE1348D3720ED576D6D8 /* [CP] Copy Pods Resources */ = {
			isa = PBXShellScriptBuildPhase;
			buildActionMask = 2147483647;
			files = (
			);
			inputPaths = (
			);
			name = "[CP] Copy Pods Resources";
			outputPaths = (
			);
			runOnlyForDeploymentPostprocessing = 0;
			shellPath = /bin/sh;
			shellScript = "\"${SRCROOT}/Pods/Target Support Files/Pods-DYTV/Pods-DYTV-resources.sh\"\n";
			showEnvVarsInLog = 0;
		};
		F9ECEE6839D27E0B9D99DC2A /* [CP] Embed Pods Frameworks */ = {
			isa = PBXShellScriptBuildPhase;
			buildActionMask = 2147483647;
			files = (
			);
			inputPaths = (
			);
			name = "[CP] Embed Pods Frameworks";
			outputPaths = (
			);
			runOnlyForDeploymentPostprocessing = 0;
			shellPath = /bin/sh;
			shellScript = "\"${SRCROOT}/Pods/Target Support Files/Pods-DYTV/Pods-DYTV-frameworks.sh\"\n";
			showEnvVarsInLog = 0;
		};
/* End PBXShellScriptBuildPhase section */

/* Begin PBXSourcesBuildPhase section */
		D2D68C5D1DA8E6670090CDA7 /* Sources */ = {
			isa = PBXSourcesBuildPhase;
			buildActionMask = 2147483647;
			files = (
				D2DE10861DAF4438006DF8D8 /* CollectionViewBaseCell.swift in Sources */,
				D2CA3FC61DAB2CC900690C1C /* UIBarButtonItem-Extension.swift in Sources */,
				D2CA3FC11DA9F50800690C1C /* PageTitleView.swift in Sources */,
				D289BF4F1DC30E5800B47B8A /* AnchorGroup.swift in Sources */,
				D289BF511DC3113E00B47B8A /* AnchorModel.swift in Sources */,
				D2DE10841DAF364D006DF8D8 /* BaseAnchorViewController.swift in Sources */,
				D289BF4D1DC3090700B47B8A /* BaseGameModel.swift in Sources */,
				D2CA3FC81DAB3EB800690C1C /* PageContentView.swift in Sources */,
				D2460AED1DA9E718002D8866 /* ProfileViewController.swift in Sources */,
				D2D68C801DA8EC420090CDA7 /* AppDelegate.swift in Sources */,
				D2D0E72C1DACEF1E00E97C3D /* RecommendViewController.swift in Sources */,
				D2C959581DA8F1030049E30F /* MainViewController.swift in Sources */,
				D2CA3FC41DAA4AF900690C1C /* UIColor-Extension.swift in Sources */,
				D2DE10901DB09F52006DF8D8 /* NSDate-Extension.swift in Sources */,
				D2DE10881DAF4468006DF8D8 /* CollectionViewNormalCell.swift in Sources */,
				D2460AE71DA9E1CF002D8866 /* HomeViewController.swift in Sources */,
				D2460AE91DA9E704002D8866 /* FollowViewController.swift in Sources */,
				D289BF4B1DC306E400B47B8A /* BaseViewModel.swift in Sources */,
				D2460AEB1DA9E70E002D8866 /* LiveViewController.swift in Sources */,
				D2DE108C1DAF44D1006DF8D8 /* CollectionViewPrettyCell.swift in Sources */,
				D2D0E72E1DAE1F1E00E97C3D /* NetworkTools.swift in Sources */,
				D2CA3FBF1DA9F05C00690C1C /* Common.swift in Sources */,
			);
			runOnlyForDeploymentPostprocessing = 0;
		};
/* End PBXSourcesBuildPhase section */

/* Begin PBXVariantGroup section */
		D2D68C6D1DA8E6670090CDA7 /* LaunchScreen.storyboard */ = {
			isa = PBXVariantGroup;
			children = (
				D2D68C6E1DA8E6670090CDA7 /* Base */,
			);
			name = LaunchScreen.storyboard;
			sourceTree = "<group>";
		};
/* End PBXVariantGroup section */

/* Begin XCBuildConfiguration section */
		D2D68C711DA8E6670090CDA7 /* Debug */ = {
			isa = XCBuildConfiguration;
			buildSettings = {
				ALWAYS_SEARCH_USER_PATHS = NO;
				CLANG_ANALYZER_NONNULL = YES;
				CLANG_CXX_LANGUAGE_STANDARD = "gnu++0x";
				CLANG_CXX_LIBRARY = "libc++";
				CLANG_ENABLE_MODULES = YES;
				CLANG_ENABLE_OBJC_ARC = YES;
				CLANG_WARN_BOOL_CONVERSION = YES;
				CLANG_WARN_CONSTANT_CONVERSION = YES;
				CLANG_WARN_DIRECT_OBJC_ISA_USAGE = YES_ERROR;
				CLANG_WARN_DOCUMENTATION_COMMENTS = YES;
				CLANG_WARN_EMPTY_BODY = YES;
				CLANG_WARN_ENUM_CONVERSION = YES;
				CLANG_WARN_INFINITE_RECURSION = YES;
				CLANG_WARN_INT_CONVERSION = YES;
				CLANG_WARN_OBJC_ROOT_CLASS = YES_ERROR;
				CLANG_WARN_SUSPICIOUS_MOVES = YES;
				CLANG_WARN_UNREACHABLE_CODE = YES;
				CLANG_WARN__DUPLICATE_METHOD_MATCH = YES;
				"CODE_SIGN_IDENTITY[sdk=iphoneos*]" = "iPhone Developer";
				COPY_PHASE_STRIP = NO;
				DEBUG_INFORMATION_FORMAT = dwarf;
				ENABLE_STRICT_OBJC_MSGSEND = YES;
				ENABLE_TESTABILITY = YES;
				GCC_C_LANGUAGE_STANDARD = gnu99;
				GCC_DYNAMIC_NO_PIC = NO;
				GCC_NO_COMMON_BLOCKS = YES;
				GCC_OPTIMIZATION_LEVEL = 0;
				GCC_PREPROCESSOR_DEFINITIONS = (
					"DEBUG=1",
					"$(inherited)",
				);
				GCC_WARN_64_TO_32_BIT_CONVERSION = YES;
				GCC_WARN_ABOUT_RETURN_TYPE = YES_ERROR;
				GCC_WARN_UNDECLARED_SELECTOR = YES;
				GCC_WARN_UNINITIALIZED_AUTOS = YES_AGGRESSIVE;
				GCC_WARN_UNUSED_FUNCTION = YES;
				GCC_WARN_UNUSED_VARIABLE = YES;
				IPHONEOS_DEPLOYMENT_TARGET = 10.0;
				MTL_ENABLE_DEBUG_INFO = YES;
				ONLY_ACTIVE_ARCH = YES;
				SDKROOT = iphoneos;
				SWIFT_ACTIVE_COMPILATION_CONDITIONS = DEBUG;
				SWIFT_OPTIMIZATION_LEVEL = "-Onone";
			};
			name = Debug;
		};
		D2D68C721DA8E6670090CDA7 /* Release */ = {
			isa = XCBuildConfiguration;
			buildSettings = {
				ALWAYS_SEARCH_USER_PATHS = NO;
				CLANG_ANALYZER_NONNULL = YES;
				CLANG_CXX_LANGUAGE_STANDARD = "gnu++0x";
				CLANG_CXX_LIBRARY = "libc++";
				CLANG_ENABLE_MODULES = YES;
				CLANG_ENABLE_OBJC_ARC = YES;
				CLANG_WARN_BOOL_CONVERSION = YES;
				CLANG_WARN_CONSTANT_CONVERSION = YES;
				CLANG_WARN_DIRECT_OBJC_ISA_USAGE = YES_ERROR;
				CLANG_WARN_DOCUMENTATION_COMMENTS = YES;
				CLANG_WARN_EMPTY_BODY = YES;
				CLANG_WARN_ENUM_CONVERSION = YES;
				CLANG_WARN_INFINITE_RECURSION = YES;
				CLANG_WARN_INT_CONVERSION = YES;
				CLANG_WARN_OBJC_ROOT_CLASS = YES_ERROR;
				CLANG_WARN_SUSPICIOUS_MOVES = YES;
				CLANG_WARN_UNREACHABLE_CODE = YES;
				CLANG_WARN__DUPLICATE_METHOD_MATCH = YES;
				"CODE_SIGN_IDENTITY[sdk=iphoneos*]" = "iPhone Developer";
				COPY_PHASE_STRIP = NO;
				DEBUG_INFORMATION_FORMAT = "dwarf-with-dsym";
				ENABLE_NS_ASSERTIONS = NO;
				ENABLE_STRICT_OBJC_MSGSEND = YES;
				GCC_C_LANGUAGE_STANDARD = gnu99;
				GCC_NO_COMMON_BLOCKS = YES;
				GCC_WARN_64_TO_32_BIT_CONVERSION = YES;
				GCC_WARN_ABOUT_RETURN_TYPE = YES_ERROR;
				GCC_WARN_UNDECLARED_SELECTOR = YES;
				GCC_WARN_UNINITIALIZED_AUTOS = YES_AGGRESSIVE;
				GCC_WARN_UNUSED_FUNCTION = YES;
				GCC_WARN_UNUSED_VARIABLE = YES;
				IPHONEOS_DEPLOYMENT_TARGET = 10.0;
				MTL_ENABLE_DEBUG_INFO = NO;
				SDKROOT = iphoneos;
				SWIFT_OPTIMIZATION_LEVEL = "-Owholemodule";
				VALIDATE_PRODUCT = YES;
			};
			name = Release;
		};
		D2D68C741DA8E6670090CDA7 /* Debug */ = {
			isa = XCBuildConfiguration;
			baseConfigurationReference = 2B9598E3E9294259C7B99D81 /* Pods-DYTV.debug.xcconfig */;
			buildSettings = {
				ASSETCATALOG_COMPILER_APPICON_NAME = AppIcon;
				ASSETCATALOG_COMPILER_LAUNCHIMAGE_NAME = LaunchImage;
				DEVELOPMENT_TEAM = W56W22N7ZN;
				INFOPLIST_FILE = DYTV/Info.plist;
				IPHONEOS_DEPLOYMENT_TARGET = 9.0;
				LD_RUNPATH_SEARCH_PATHS = "$(inherited) @executable_path/Frameworks";
				PRODUCT_BUNDLE_IDENTIFIER = com.liuq.DYTV;
				PRODUCT_NAME = "$(TARGET_NAME)";
				SWIFT_VERSION = 3.0;
			};
			name = Debug;
		};
		D2D68C751DA8E6670090CDA7 /* Release */ = {
			isa = XCBuildConfiguration;
			baseConfigurationReference = CE0B50255A60F0BBA8E67A3A /* Pods-DYTV.release.xcconfig */;
			buildSettings = {
				ASSETCATALOG_COMPILER_APPICON_NAME = AppIcon;
				ASSETCATALOG_COMPILER_LAUNCHIMAGE_NAME = LaunchImage;
				DEVELOPMENT_TEAM = W56W22N7ZN;
				INFOPLIST_FILE = DYTV/Info.plist;
				IPHONEOS_DEPLOYMENT_TARGET = 9.0;
				LD_RUNPATH_SEARCH_PATHS = "$(inherited) @executable_path/Frameworks";
				PRODUCT_BUNDLE_IDENTIFIER = com.liuq.DYTV;
				PRODUCT_NAME = "$(TARGET_NAME)";
				SWIFT_VERSION = 3.0;
			};
			name = Release;
		};
/* End XCBuildConfiguration section */

/* Begin XCConfigurationList section */
		D2D68C5C1DA8E6670090CDA7 /* Build configuration list for PBXProject "DYTV" */ = {
			isa = XCConfigurationList;
			buildConfigurations = (
				D2D68C711DA8E6670090CDA7 /* Debug */,
				D2D68C721DA8E6670090CDA7 /* Release */,
			);
			defaultConfigurationIsVisible = 0;
			defaultConfigurationName = Release;
		};
		D2D68C731DA8E6670090CDA7 /* Build configuration list for PBXNativeTarget "DYTV" */ = {
			isa = XCConfigurationList;
			buildConfigurations = (
				D2D68C741DA8E6670090CDA7 /* Debug */,
				D2D68C751DA8E6670090CDA7 /* Release */,
			);
			defaultConfigurationIsVisible = 0;
			defaultConfigurationName = Release;
		};
/* End XCConfigurationList section */
	};
	rootObject = D2D68C591DA8E6670090CDA7 /* Project object */;
}
